// !$*UTF8*$!
{
	archiveVersion = 1;
	classes = {
	};
	objectVersion = 56;
	objects = {

/* Begin PBXBuildFile section */
		B91CBDE62AB2FF8C00A39DA5 /* Yoga_AppApp.swift in Sources */ = {isa = PBXBuildFile; fileRef = B91CBDE52AB2FF8C00A39DA5 /* Yoga_AppApp.swift */; };
		B91CBDE82AB2FF8C00A39DA5 /* ContentView.swift in Sources */ = {isa = PBXBuildFile; fileRef = B91CBDE72AB2FF8C00A39DA5 /* ContentView.swift */; };
		B91CBDEA2AB2FF8D00A39DA5 /* Assets.xcassets in Resources */ = {isa = PBXBuildFile; fileRef = B91CBDE92AB2FF8D00A39DA5 /* Assets.xcassets */; };
		B91CBDED2AB2FF8D00A39DA5 /* Preview Assets.xcassets in Resources */ = {isa = PBXBuildFile; fileRef = B91CBDEC2AB2FF8D00A39DA5 /* Preview Assets.xcassets */; };
		B91CBDF42AB2FFE500A39DA5 /* YogaPose.swift in Sources */ = {isa = PBXBuildFile; fileRef = B91CBDF32AB2FFE500A39DA5 /* YogaPose.swift */; };
		B91CBDF62AB3003900A39DA5 /* DetailView.swift in Sources */ = {isa = PBXBuildFile; fileRef = B91CBDF52AB3003900A39DA5 /* DetailView.swift */; };
/* End PBXBuildFile section */

/* Begin PBXFileReference section */
		B91CBDE22AB2FF8C00A39DA5 /* Yoga_App.app */ = {isa = PBXFileReference; explicitFileType = wrapper.application; includeInIndex = 0; path = Yoga_App.app; sourceTree = BUILT_PRODUCTS_DIR; };
		B91CBDE52AB2FF8C00A39DA5 /* Yoga_AppApp.swift */ = {isa = PBXFileReference; lastKnownFileType = sourcecode.swift; path = Yoga_AppApp.swift; sourceTree = "<group>"; };
		B91CBDE72AB2FF8C00A39DA5 /* ContentView.swift */ = {isa = PBXFileReference; lastKnownFileType = sourcecode.swift; path = ContentView.swift; sourceTree = "<group>"; };
		B91CBDE92AB2FF8D00A39DA5 /* Assets.xcassets */ = {isa = PBXFileReference; lastKnownFileType = folder.assetcatalog; path = Assets.xcassets; sourceTree = "<group>"; };
		B91CBDEC2AB2FF8D00A39DA5 /* Preview Assets.xcassets */ = {isa = PBXFileReference; lastKnownFileType = folder.assetcatalog; path = "Preview Assets.xcassets"; sourceTree = "<group>"; };
		B91CBDF32AB2FFE500A39DA5 /* YogaPose.swift */ = {isa = PBXFileReference; lastKnownFileType = sourcecode.swift; path = YogaPose.swift; sourceTree = "<group>"; };
		B91CBDF52AB3003900A39DA5 /* DetailView.swift */ = {isa = PBXFileReference; lastKnownFileType = sourcecode.swift; path = DetailView.swift; sourceTree = "<group>"; };
/* End PBXFileReference section */

/* Begin PBXFrameworksBuildPhase section */
		B91CBDDF2AB2FF8C00A39DA5 /* Frameworks */ = {
			isa = PBXFrameworksBuildPhase;
			buildActionMask = 2147483647;
			files = (
			);
			runOnlyForDeploymentPostprocessing = 0;
		};
/* End PBXFrameworksBuildPhase section */

/* Begin PBXGroup section */
		B91CBDD92AB2FF8C00A39DA5 = {
			isa = PBXGroup;
			children = (
				B91CBDE42AB2FF8C00A39DA5 /* Yoga_App */,
				B91CBDE32AB2FF8C00A39DA5 /* Products */,
			);
			sourceTree = "<group>";
		};
		B91CBDE32AB2FF8C00A39DA5 /* Products */ = {
			isa = PBXGroup;
			children = (
				B91CBDE22AB2FF8C00A39DA5 /* Yoga_App.app */,
			);
			name = Products;
			sourceTree = "<group>";
		};
		B91CBDE42AB2FF8C00A39DA5 /* Yoga_App */ = {
			isa = PBXGroup;
			children = (
				B91CBDE52AB2FF8C00A39DA5 /* Yoga_AppApp.swift */,
				B91CBDE72AB2FF8C00A39DA5 /* ContentView.swift */,
				B91CBDF52AB3003900A39DA5 /* DetailView.swift */,
				B91CBDF32AB2FFE500A39DA5 /* YogaPose.swift */,
				B91CBDE92AB2FF8D00A39DA5 /* Assets.xcassets */,
				B91CBDEB2AB2FF8D00A39DA5 /* Preview Content */,
			);
			path = Yoga_App;
			sourceTree = "<group>";
		};
		B91CBDEB2AB2FF8D00A39DA5 /* Preview Content */ = {
			isa = PBXGroup;
			children = (
				B91CBDEC2AB2FF8D00A39DA5 /* Preview Assets.xcassets */,
			);
			path = "Preview Content";
			sourceTree = "<group>";
		};
/* End PBXGroup section */

/* Begin PBXNativeTarget section */
		B91CBDE12AB2FF8C00A39DA5 /* Yoga_App */ = {
			isa = PBXNativeTarget;
			buildConfigurationList = B91CBDF02AB2FF8D00A39DA5 /* Build configuration list for PBXNativeTarget "Yoga_App" */;
			buildPhases = (
				B91CBDDE2AB2FF8C00A39DA5 /* Sources */,
				B91CBDDF2AB2FF8C00A39DA5 /* Frameworks */,
				B91CBDE02AB2FF8C00A39DA5 /* Resources */,
			);
			buildRules = (
			);
			dependencies = (
			);
			name = Yoga_App;
			productName = Yoga_App;
			productReference = B91CBDE22AB2FF8C00A39DA5 /* Yoga_App.app */;
			productType = "com.apple.product-type.application";
		};
/* End PBXNativeTarget section */

/* Begin PBXProject section */
		B91CBDDA2AB2FF8C00A39DA5 /* Project object */ = {
			isa = PBXProject;
			attributes = {
				BuildIndependentTargetsInParallel = 1;
				LastSwiftUpdateCheck = 1430;
				LastUpgradeCheck = 1430;
				TargetAttributes = {
					B91CBDE12AB2FF8C00A39DA5 = {
						CreatedOnToolsVersion = 14.3.1;
					};
				};
			};
			buildConfigurationList = B91CBDDD2AB2FF8C00A39DA5 /* Build configuration list for PBXProject "Yoga_App" */;
			compatibilityVersion = "Xcode 14.0";
			developmentRegion = en;
			hasScannedForEncodings = 0;
			knownRegions = (
				en,
				Base,
			);
			mainGroup = B91CBDD92AB2FF8C00A39DA5;
			productRefGroup = B91CBDE32AB2FF8C00A39DA5 /* Products */;
			projectDirPath = "";
			projectRoot = "";
			targets = (
				B91CBDE12AB2FF8C00A39DA5 /* Yoga_App */,
			);
		};
/* End PBXProject section */

/* Begin PBXResourcesBuildPhase section */
		B91CBDE02AB2FF8C00A39DA5 /* Resources */ = {
			isa = PBXResourcesBuildPhase;
			buildActionMask = 2147483647;
			files = (
				B91CBDED2AB2FF8D00A39DA5 /* Preview Assets.xcassets in Resources */,
				B91CBDEA2AB2FF8D00A39DA5 /* Assets.xcassets in Resources */,
			);
			runOnlyForDeploymentPostprocessing = 0;
		};
/* End PBXResourcesBuildPhase section */

/* Begin PBXSourcesBuildPhase section */
		B91CBDDE2AB2FF8C00A39DA5 /* Sources */ = {
			isa = PBXSourcesBuildPhase;
			buildActionMask = 2147483647;
			files = (
				B91CBDE82AB2FF8C00A39DA5 /* ContentView.swift in Sources */,
				B91CBDF62AB3003900A39DA5 /* DetailView.swift in Sources */,
				B91CBDE62AB2FF8C00A39DA5 /* Yoga_AppApp.swift in Sources */,
				B91CBDF42AB2FFE500A39DA5 /* YogaPose.swift in Sources */,
			);
			runOnlyForDeploymentPostprocessing = 0;
		};
/* End PBXSourcesBuildPhase section */

/* Begin XCBuildConfiguration section */
		B91CBDEE2AB2FF8D00A39DA5 /* Debug */ = {
			isa = XCBuildConfiguration;
			buildSettings = {
				ALWAYS_SEARCH_USER_PATHS = NO;
				CLANG_ANALYZER_NONNULL = YES;
				CLANG_ANALYZER_NUMBER_OBJECT_CONVERSION = YES_AGGRESSIVE;
				CLANG_CXX_LANGUAGE_STANDARD = "gnu++20";
				CLANG_ENABLE_MODULES = YES;
				CLANG_ENABLE_OBJC_ARC = YES;
				CLANG_ENABLE_OBJC_WEAK = YES;
				CLANG_WARN_BLOCK_CAPTURE_AUTORELEASING = YES;
				CLANG_WARN_BOOL_CONVERSION = YES;
				CLANG_WARN_COMMA = YES;
				CLANG_WARN_CONSTANT_CONVERSION = YES;
				CLANG_WARN_DEPRECATED_OBJC_IMPLEMENTATIONS = YES;
				CLANG_WARN_DIRECT_OBJC_ISA_USAGE = YES_ERROR;
				CLANG_WARN_DOCUMENTATION_COMMENTS = YES;
				CLANG_WARN_EMPTY_BODY = YES;
				CLANG_WARN_ENUM_CONVERSION = YES;
				CLANG_WARN_INFINITE_RECURSION = YES;
				CLANG_WARN_INT_CONVERSION = YES;
				CLANG_WARN_NON_LITERAL_NULL_CONVERSION = YES;
				CLANG_WARN_OBJC_IMPLICIT_RETAIN_SELF = YES;
				CLANG_WARN_OBJC_LITERAL_CONVERSION = YES;
				CLANG_WARN_OBJC_ROOT_CLASS = YES_ERROR;
				CLANG_WARN_QUOTED_INCLUDE_IN_FRAMEWORK_HEADER = YES;
				CLANG_WARN_RANGE_LOOP_ANALYSIS = YES;
				CLANG_WARN_STRICT_PROTOTYPES = YES;
				CLANG_WARN_SUSPICIOUS_MOVE = YES;
				CLANG_WARN_UNGUARDED_AVAILABILITY = YES_AGGRESSIVE;
				CLANG_WARN_UNREACHABLE_CODE = YES;
				CLANG_WARN__DUPLICATE_METHOD_MATCH = YES;
				COPY_PHASE_STRIP = NO;
				DEBUG_INFORMATION_FORMAT = dwarf;
				ENABLE_STRICT_OBJC_MSGSEND = YES;
				ENABLE_TESTABILITY = YES;
				GCC_C_LANGUAGE_STANDARD = gnu11;
				GCC_DYNAMIC_NO_PIC = NO;
				GCC_NO_COMMON_BLOCKS = YES;
				GCC_OPTIMIZATION_LEVEL = 0;
				GCC_PREPROCESSOR_DEFINITIONS = (
					"DEBUG=1",
					"$(inherited)",
				);
				GCC_WARN_64_TO_32_BIT_CONVERSION = YES;
				GCC_WARN_ABOUT_RETURN_TYPE = YES_ERROR;
				GCC_WARN_UNDECLARED_SELECTOR = YES;
				GCC_WARN_UNINITIALIZED_AUTOS = YES_AGGRESSIVE;
				GCC_WARN_UNUSED_FUNCTION = YES;
				GCC_WARN_UNUSED_VARIABLE = YES;
				IPHONEOS_DEPLOYMENT_TARGET = 16.4;
				MTL_ENABLE_DEBUG_INFO = INCLUDE_SOURCE;
				MTL_FAST_MATH = YES;
				ONLY_ACTIVE_ARCH = YES;
				SDKROOT = iphoneos;
				SWIFT_ACTIVE_COMPILATION_CONDITIONS = DEBUG;
				SWIFT_OPTIMIZATION_LEVEL = "-Onone";
			};
			name = Debug;
		};
		B91CBDEF2AB2FF8D00A39DA5 /* Release */ = {
			isa = XCBuildConfiguration;
			buildSettings = {
				ALWAYS_SEARCH_USER_PATHS = NO;
				CLANG_ANALYZER_NONNULL = YES;
				CLANG_ANALYZER_NUMBER_OBJECT_CONVERSION = YES_AGGRESSIVE;
				CLANG_CXX_LANGUAGE_STANDARD = "gnu++20";
				CLANG_ENABLE_MODULES = YES;
				CLANG_ENABLE_OBJC_ARC = YES;
				CLANG_ENABLE_OBJC_WEAK = YES;
				CLANG_WARN_BLOCK_CAPTURE_AUTORELEASING = YES;
				CLANG_WARN_BOOL_CONVERSION = YES;
				CLANG_WARN_COMMA = YES;
				CLANG_WARN_CONSTANT_CONVERSION = YES;
				CLANG_WARN_DEPRECATED_OBJC_IMPLEMENTATIONS = YES;
				CLANG_WARN_DIRECT_OBJC_ISA_USAGE = YES_ERROR;
				CLANG_WARN_DOCUMENTATION_COMMENTS = YES;
				CLANG_WARN_EMPTY_BODY = YES;
				CLANG_WARN_ENUM_CONVERSION = YES;
				CLANG_WARN_INFINITE_RECURSION = YES;
				CLANG_WARN_INT_CONVERSION = YES;
				CLANG_WARN_NON_LITERAL_NULL_CONVERSION = YES;
				CLANG_WARN_OBJC_IMPLICIT_RETAIN_SELF = YES;
				CLANG_WARN_OBJC_LITERAL_CONVERSION = YES;
				CLANG_WARN_OBJC_ROOT_CLASS = YES_ERROR;
				CLANG_WARN_QUOTED_INCLUDE_IN_FRAMEWORK_HEADER = YES;
				CLANG_WARN_RANGE_LOOP_ANALYSIS = YES;
				CLANG_WARN_STRICT_PROTOTYPES = YES;
				CLANG_WARN_SUSPICIOUS_MOVE = YES;
				CLANG_WARN_UNGUARDED_AVAILABILITY = YES_AGGRESSIVE;
				CLANG_WARN_UNREACHABLE_CODE = YES;
				CLANG_WARN__DUPLICATE_METHOD_MATCH = YES;
				COPY_PHASE_STRIP = NO;
				DEBUG_INFORMATION_FORMAT = "dwarf-with-dsym";
				ENABLE_NS_ASSERTIONS = NO;
				ENABLE_STRICT_OBJC_MSGSEND = YES;
				GCC_C_LANGUAGE_STANDARD = gnu11;
				GCC_NO_COMMON_BLOCKS = YES;
				GCC_WARN_64_TO_32_BIT_CONVERSION = YES;
				GCC_WARN_ABOUT_RETURN_TYPE = YES_ERROR;
				GCC_WARN_UNDECLARED_SELECTOR = YES;
				GCC_WARN_UNINITIALIZED_AUTOS = YES_AGGRESSIVE;
				GCC_WARN_UNUSED_FUNCTION = YES;
				GCC_WARN_UNUSED_VARIABLE = YES;
				IPHONEOS_DEPLOYMENT_TARGET = 16.4;
				MTL_ENABLE_DEBUG_INFO = NO;
				MTL_FAST_MATH = YES;
				SDKROOT = iphoneos;
				SWIFT_COMPILATION_MODE = wholemodule;
				SWIFT_OPTIMIZATION_LEVEL = "-O";
				VALIDATE_PRODUCT = YES;
			};
			name = Release;
		};
		B91CBDF12AB2FF8D00A39DA5 /* Debug */ = {
			isa = XCBuildConfiguration;
			buildSettings = {
				ASSETCATALOG_COMPILER_APPICON_NAME = AppIcon;
				ASSETCATALOG_COMPILER_GLOBAL_ACCENT_COLOR_NAME = AccentColor;
				CODE_SIGN_STYLE = Automatic;
				CURRENT_PROJECT_VERSION = 1;
				DEVELOPMENT_ASSET_PATHS = "\"Yoga_App/Preview Content\"";
				ENABLE_PREVIEWS = YES;
				GENERATE_INFOPLIST_FILE = YES;
				INFOPLIST_KEY_UIApplicationSceneManifest_Generation = YES;
				INFOPLIST_KEY_UIApplicationSupportsIndirectInputEvents = YES;
				INFOPLIST_KEY_UILaunchScreen_Generation = YES;
				INFOPLIST_KEY_UISupportedInterfaceOrientations_iPad = "UIInterfaceOrientationPortrait UIInterfaceOrientationPortraitUpsideDown UIInterfaceOrientationLandscapeLeft UIInterfaceOrientationLandscapeRight";
				INFOPLIST_KEY_UISupportedInterfaceOrientations_iPhone = "UIInterfaceOrientationPortrait UIInterfaceOrientationLandscapeLeft UIInterfaceOrientationLandscapeRight";
				LD_RUNPATH_SEARCH_PATHS = (
					"$(inherited)",
					"@executable_path/Frameworks",
				);
				MARKETING_VERSION = 1.0;
				PRODUCT_BUNDLE_IDENTIFIER = "com.sakshiyelmame.Yoga-App";
				PRODUCT_NAME = "$(TARGET_NAME)";
				SWIFT_EMIT_LOC_STRINGS = YES;
				SWIFT_VERSION = 5.0;
				TARGETED_DEVICE_FAMILY = "1,2";
			};
			name = Debug;
		};
		B91CBDF22AB2FF8D00A39DA5 /* Release */ = {
			isa = XCBuildConfiguration;
			buildSettings = {
				ASSETCATALOG_COMPILER_APPICON_NAME = AppIcon;
				ASSETCATALOG_COMPILER_GLOBAL_ACCENT_COLOR_NAME = AccentColor;
				CODE_SIGN_STYLE = Automatic;
				CURRENT_PROJECT_VERSION = 1;
				DEVELOPMENT_ASSET_PATHS = "\"Yoga_App/Preview Content\"";
				ENABLE_PREVIEWS = YES;
				GENERATE_INFOPLIST_FILE = YES;
				INFOPLIST_KEY_UIApplicationSceneManifest_Generation = YES;
				INFOPLIST_KEY_UIApplicationSupportsIndirectInputEvents = YES;
				INFOPLIST_KEY_UILaunchScreen_Generation = YES;
				INFOPLIST_KEY_UISupportedInterfaceOrientations_iPad = "UIInterfaceOrientationPortrait UIInterfaceOrientationPortraitUpsideDown UIInterfaceOrientationLandscapeLeft UIInterfaceOrientationLandscapeRight";
				INFOPLIST_KEY_UISupportedInterfaceOrientations_iPhone = "UIInterfaceOrientationPortrait UIInterfaceOrientationLandscapeLeft UIInterfaceOrientationLandscapeRight";
				LD_RUNPATH_SEARCH_PATHS = (
					"$(inherited)",
					"@executable_path/Frameworks",
				);
				MARKETING_VERSION = 1.0;
				PRODUCT_BUNDLE_IDENTIFIER = "com.sakshiyelmame.Yoga-App";
				PRODUCT_NAME = "$(TARGET_NAME)";
				SWIFT_EMIT_LOC_STRINGS = YES;
				SWIFT_VERSION = 5.0;
				TARGETED_DEVICE_FAMILY = "1,2";
			};
			name = Release;
		};
/* End XCBuildConfiguration section */

/* Begin XCConfigurationList section */
		B91CBDDD2AB2FF8C00A39DA5 /* Build configuration list for PBXProject "Yoga_App" */ = {
			isa = XCConfigurationList;
			buildConfigurations = (
				B91CBDEE2AB2FF8D00A39DA5 /* Debug */,
				B91CBDEF2AB2FF8D00A39DA5 /* Release */,
			);
			defaultConfigurationIsVisible = 0;
			defaultConfigurationName = Release;
		};
		B91CBDF02AB2FF8D00A39DA5 /* Build configuration list for PBXNativeTarget "Yoga_App" */ = {
			isa = XCConfigurationList;
			buildConfigurations = (
				B91CBDF12AB2FF8D00A39DA5 /* Debug */,
				B91CBDF22AB2FF8D00A39DA5 /* Release */,
			);
			defaultConfigurationIsVisible = 0;
			defaultConfigurationName = Release;
		};
/* End XCConfigurationList section */
	};
	rootObject = B91CBDDA2AB2FF8C00A39DA5 /* Project object */;
}
